
Microsoft Visual Studio Solution File, Format Version 12.00
# Visual Studio 15
VisualStudioVersion = 15.0.27130.0
MinimumVisualStudioVersion = 10.0.40219.1
Project("{2150E333-8FDC-42A3-9474-1A3956D46DE8}") = "SDK.DownloadManager", "SDK.DownloadManager", "{46DB894C-BACD-457C-A9BB-42FE51DC5833}"
EndProject
Project("{FAE04EC0-301F-11D3-BF4B-00C04F79EFBC}") = "SDK.DownloadManager", "SDK.DownloadManager\SDK.DownloadManager.csproj", "{F2A8275F-C442-482D-85F5-0036075F2058}"
EndProject
Project("{2150E333-8FDC-42A3-9474-1A3956D46DE8}") = "Unit.Test", "Unit.Test", "{B65798DE-199D-4E20-BB39-1AF7D9621288}"
EndProject
Project("{FAE04EC0-301F-11D3-BF4B-00C04F79EFBC}") = "Unit.Test", "Unit.Test\Unit.Test.csproj", "{57622C08-2401-4470-B862-4EE93065F9CE}"
EndProject
Global
	GlobalSection(SolutionConfigurationPlatforms) = preSolution
		Debug|Any CPU = Debug|Any CPU
		Release|Any CPU = Release|Any CPU
	EndGlobalSection
	GlobalSection(ProjectConfigurationPlatforms) = postSolution
		{F2A8275F-C442-482D-85F5-0036075F2058}.Debug|Any CPU.ActiveCfg = Debug|Any CPU
		{F2A8275F-C442-482D-85F5-0036075F2058}.Debug|Any CPU.Build.0 = Debug|Any CPU
		{F2A8275F-C442-482D-85F5-0036075F2058}.Release|Any CPU.ActiveCfg = Release|Any CPU
		{F2A8275F-C442-482D-85F5-0036075F2058}.Release|Any CPU.Build.0 = Release|Any CPU
		{57622C08-2401-4470-B862-4EE93065F9CE}.Debug|Any CPU.ActiveCfg = Debug|Any CPU
		{57622C08-2401-4470-B862-4EE93065F9CE}.Debug|Any CPU.Build.0 = Debug|Any CPU
		{57622C08-2401-4470-B862-4EE93065F9CE}.Release|Any CPU.ActiveCfg = Release|Any CPU
		{57622C08-2401-4470-B862-4EE93065F9CE}.Release|Any CPU.Build.0 = Release|Any CPU
	EndGlobalSection
	GlobalSection(SolutionProperties) = preSolution
		HideSolutionNode = FALSE
	EndGlobalSection
	GlobalSection(NestedProjects) = preSolution
		{F2A8275F-C442-482D-85F5-0036075F2058} = {46DB894C-BACD-457C-A9BB-42FE51DC5833}
		{57622C08-2401-4470-B862-4EE93065F9CE} = {B65798DE-199D-4E20-BB39-1AF7D9621288}
	EndGlobalSection
	GlobalSection(ExtensibilityGlobals) = postSolution
		SolutionGuid = {21C7D02C-CD31-4864-BFCF-ACCF363A628D}
	EndGlobalSection
EndGlobal
